// !$*UTF8*$!
{
	archiveVersion = 1;
	classes = {
	};
	objectVersion = 56;
	objects = {

/* Begin PBXBuildFile section */
		AB66906F297B9CA40011F768 /* AddDataProtocols.swift in Sources */ = {isa = PBXBuildFile; fileRef = AB66906E297B9CA40011F768 /* AddDataProtocols.swift */; };
		AB669071297B9CAF0011F768 /* AddDataView.swift in Sources */ = {isa = PBXBuildFile; fileRef = AB669070297B9CAF0011F768 /* AddDataView.swift */; };
		AB669073297B9CB90011F768 /* AddDataInteractor.swift in Sources */ = {isa = PBXBuildFile; fileRef = AB669072297B9CB90011F768 /* AddDataInteractor.swift */; };
		AB669075297B9CC00011F768 /* AddDataPresenter.swift in Sources */ = {isa = PBXBuildFile; fileRef = AB669074297B9CC00011F768 /* AddDataPresenter.swift */; };
		AB669077297B9CC70011F768 /* AddDataRouter.swift in Sources */ = {isa = PBXBuildFile; fileRef = AB669076297B9CC70011F768 /* AddDataRouter.swift */; };
		ABA31422297ADA0C009DD682 /* DataListView.swift in Sources */ = {isa = PBXBuildFile; fileRef = ABA31421297ADA0C009DD682 /* DataListView.swift */; };
		ABA31424297ADA1A009DD682 /* DataListProtocols.swift in Sources */ = {isa = PBXBuildFile; fileRef = ABA31423297ADA1A009DD682 /* DataListProtocols.swift */; };
		ABA31426297ADA23009DD682 /* DataListRouter.swift in Sources */ = {isa = PBXBuildFile; fileRef = ABA31425297ADA23009DD682 /* DataListRouter.swift */; };
		ABA31428297ADA2B009DD682 /* DataListInteractor.swift in Sources */ = {isa = PBXBuildFile; fileRef = ABA31427297ADA2B009DD682 /* DataListInteractor.swift */; };
		ABA3142A297ADA35009DD682 /* DataListPresenter.swift in Sources */ = {isa = PBXBuildFile; fileRef = ABA31429297ADA35009DD682 /* DataListPresenter.swift */; };
		ABA3142D297ADA89009DD682 /* DependencyContainer.swift in Sources */ = {isa = PBXBuildFile; fileRef = ABA3142C297ADA89009DD682 /* DependencyContainer.swift */; };
		ABA3142F297ADAD4009DD682 /* DependencyKey.swift in Sources */ = {isa = PBXBuildFile; fileRef = ABA3142E297ADAD4009DD682 /* DependencyKey.swift */; };
		ABA31431297ADADC009DD682 /* Dependency.swift in Sources */ = {isa = PBXBuildFile; fileRef = ABA31430297ADADC009DD682 /* Dependency.swift */; };
		ABA31433297AF7D4009DD682 /* UIApplication+Extension.swift in Sources */ = {isa = PBXBuildFile; fileRef = ABA31432297AF7D4009DD682 /* UIApplication+Extension.swift */; };
		ABA31436297B0090009DD682 /* ReaderProtocols.swift in Sources */ = {isa = PBXBuildFile; fileRef = ABA31435297B0090009DD682 /* ReaderProtocols.swift */; };
		ABA31438297B009C009DD682 /* ReaderView.swift in Sources */ = {isa = PBXBuildFile; fileRef = ABA31437297B009C009DD682 /* ReaderView.swift */; };
		ABA3143A297B00AA009DD682 /* ReaderInteractor.swift in Sources */ = {isa = PBXBuildFile; fileRef = ABA31439297B00AA009DD682 /* ReaderInteractor.swift */; };
		ABA3143C297B00B6009DD682 /* ReaderPresenter.swift in Sources */ = {isa = PBXBuildFile; fileRef = ABA3143B297B00B6009DD682 /* ReaderPresenter.swift */; };
		ABA3143E297B00BE009DD682 /* ReaderRouter.swift in Sources */ = {isa = PBXBuildFile; fileRef = ABA3143D297B00BE009DD682 /* ReaderRouter.swift */; };
		B84E2BD429517453000230DD /* UIView+Extension.swift in Sources */ = {isa = PBXBuildFile; fileRef = B84E2BD329517453000230DD /* UIView+Extension.swift */; };
		B84E2BD6295175D7000230DD /* UIStackView+Extension.swift in Sources */ = {isa = PBXBuildFile; fileRef = B84E2BD5295175D7000230DD /* UIStackView+Extension.swift */; };
		B84E2BD929517798000230DD /* Machine.xcdatamodeld in Sources */ = {isa = PBXBuildFile; fileRef = B84E2BD729517798000230DD /* Machine.xcdatamodeld */; };
		B84E2BDB295178F4000230DD /* CoreDataStack.swift in Sources */ = {isa = PBXBuildFile; fileRef = B84E2BDA295178F4000230DD /* CoreDataStack.swift */; };
		B84E2BDD29517B02000230DD /* CoreDataManager.swift in Sources */ = {isa = PBXBuildFile; fileRef = B84E2BDC29517B02000230DD /* CoreDataManager.swift */; };
		B84E2BE029517C5D000230DD /* MainTabVC.swift in Sources */ = {isa = PBXBuildFile; fileRef = B84E2BDF29517C5D000230DD /* MainTabVC.swift */; };
		B84E2BE529517C98000230DD /* DataListVC.swift in Sources */ = {isa = PBXBuildFile; fileRef = B84E2BE429517C98000230DD /* DataListVC.swift */; };
		B84E2BE729517CA4000230DD /* ReaderVC.swift in Sources */ = {isa = PBXBuildFile; fileRef = B84E2BE629517CA4000230DD /* ReaderVC.swift */; };
		B84E2BED29517D1E000230DD /* DataDetailVC.swift in Sources */ = {isa = PBXBuildFile; fileRef = B84E2BEC29517D1E000230DD /* DataDetailVC.swift */; };
		B84E2BF52951801F000230DD /* DataListVM.swift in Sources */ = {isa = PBXBuildFile; fileRef = B84E2BF42951801F000230DD /* DataListVM.swift */; };
		B84E2BF729518206000230DD /* BaseVC.swift in Sources */ = {isa = PBXBuildFile; fileRef = B84E2BF629518206000230DD /* BaseVC.swift */; };
		B84E2BFA2951827F000230DD /* BaseVM.swift in Sources */ = {isa = PBXBuildFile; fileRef = B84E2BF92951827F000230DD /* BaseVM.swift */; };
		B84E2BFC29518728000230DD /* ReaderVM.swift in Sources */ = {isa = PBXBuildFile; fileRef = B84E2BFB29518728000230DD /* ReaderVM.swift */; };
		B84E2BFF295195AA000230DD /* MachineModel.swift in Sources */ = {isa = PBXBuildFile; fileRef = B84E2BFE295195AA000230DD /* MachineModel.swift */; };
		B84E2C0129519AAA000230DD /* DataArrayTransformer.swift in Sources */ = {isa = PBXBuildFile; fileRef = B84E2C0029519AAA000230DD /* DataArrayTransformer.swift */; };
		B84E2C042951A0B9000230DD /* MachineEntity+CoreDataClass.swift in Sources */ = {isa = PBXBuildFile; fileRef = B84E2C022951A0B9000230DD /* MachineEntity+CoreDataClass.swift */; };
		B84E2C052951A0B9000230DD /* MachineEntity+CoreDataProperties.swift in Sources */ = {isa = PBXBuildFile; fileRef = B84E2C032951A0B9000230DD /* MachineEntity+CoreDataProperties.swift */; };
		B84E2C072951A69E000230DD /* Array+Extension.swift in Sources */ = {isa = PBXBuildFile; fileRef = B84E2C062951A69E000230DD /* Array+Extension.swift */; };
		B84E2C0B2951DF19000230DD /* AddDataVC.swift in Sources */ = {isa = PBXBuildFile; fileRef = B84E2C0A2951DF19000230DD /* AddDataVC.swift */; };
		B84E2C0D2951DF2A000230DD /* AddDataVM.swift in Sources */ = {isa = PBXBuildFile; fileRef = B84E2C0C2951DF2A000230DD /* AddDataVM.swift */; };
		B84E2C0F2951E4A8000230DD /* DataListCell.swift in Sources */ = {isa = PBXBuildFile; fileRef = B84E2C0E2951E4A8000230DD /* DataListCell.swift */; };
		B84E2C112951EF52000230DD /* FormInputView.swift in Sources */ = {isa = PBXBuildFile; fileRef = B84E2C102951EF52000230DD /* FormInputView.swift */; };
		B84E2C142951F1CF000230DD /* ViewControllerPreviewProvider.swift in Sources */ = {isa = PBXBuildFile; fileRef = B84E2C132951F1CF000230DD /* ViewControllerPreviewProvider.swift */; };
		B84E2C182951FDB5000230DD /* UITextField+Extension.swift in Sources */ = {isa = PBXBuildFile; fileRef = B84E2C172951FDB5000230DD /* UITextField+Extension.swift */; };
		B84F32CD29528C8A00460B16 /* UIControlPublisher.swift in Sources */ = {isa = PBXBuildFile; fileRef = B84F32CC29528C8A00460B16 /* UIControlPublisher.swift */; };
		B84F32CF29528C9C00460B16 /* UIControlSubscription.swift in Sources */ = {isa = PBXBuildFile; fileRef = B84F32CE29528C9C00460B16 /* UIControlSubscription.swift */; };
		B84F32D129528D1E00460B16 /* UIControl+Extension.swift in Sources */ = {isa = PBXBuildFile; fileRef = B84F32D029528D1E00460B16 /* UIControl+Extension.swift */; };
		B84F32D32952902400460B16 /* Date+Extension.swift in Sources */ = {isa = PBXBuildFile; fileRef = B84F32D22952902400460B16 /* Date+Extension.swift */; };
		B84F32D52952C59700460B16 /* ImageCell.swift in Sources */ = {isa = PBXBuildFile; fileRef = B84F32D42952C59700460B16 /* ImageCell.swift */; };
		B84F32D72952DE1E00460B16 /* PHAsset+Extension.swift in Sources */ = {isa = PBXBuildFile; fileRef = B84F32D62952DE1E00460B16 /* PHAsset+Extension.swift */; };
		B853000529549D91003B2295 /* ImageModel.swift in Sources */ = {isa = PBXBuildFile; fileRef = B853000429549D91003B2295 /* ImageModel.swift */; };
		B85300072954A510003B2295 /* URL+Extension.swift in Sources */ = {isa = PBXBuildFile; fileRef = B85300062954A510003B2295 /* URL+Extension.swift */; };
		B88C186C2953664A002871A1 /* DataTableViewDiffableDataSource.swift in Sources */ = {isa = PBXBuildFile; fileRef = B88C186B2953664A002871A1 /* DataTableViewDiffableDataSource.swift */; };
		B8D245FC2954181800E67AC6 /* DataDetailVM.swift in Sources */ = {isa = PBXBuildFile; fileRef = B8D245FB2954181800E67AC6 /* DataDetailVM.swift */; };
		B8D245FE2954408800E67AC6 /* ImagePreviewVC.swift in Sources */ = {isa = PBXBuildFile; fileRef = B8D245FD2954408800E67AC6 /* ImagePreviewVC.swift */; };
		B8D246012954415600E67AC6 /* ImagePreviewVM.swift in Sources */ = {isa = PBXBuildFile; fileRef = B8D246002954415600E67AC6 /* ImagePreviewVM.swift */; };
		B8D2460329544D1900E67AC6 /* Data+Extension.swift in Sources */ = {isa = PBXBuildFile; fileRef = B8D2460229544D1900E67AC6 /* Data+Extension.swift */; };
		B8E1E3332950A78900EE6BD1 /* AppDelegate.swift in Sources */ = {isa = PBXBuildFile; fileRef = B8E1E3322950A78900EE6BD1 /* AppDelegate.swift */; };
		B8E1E3352950A78900EE6BD1 /* SceneDelegate.swift in Sources */ = {isa = PBXBuildFile; fileRef = B8E1E3342950A78900EE6BD1 /* SceneDelegate.swift */; };
		B8E1E33C2950A78A00EE6BD1 /* Assets.xcassets in Resources */ = {isa = PBXBuildFile; fileRef = B8E1E33B2950A78A00EE6BD1 /* Assets.xcassets */; };
		B8E1E33F2950A78A00EE6BD1 /* LaunchScreen.storyboard in Resources */ = {isa = PBXBuildFile; fileRef = B8E1E33D2950A78A00EE6BD1 /* LaunchScreen.storyboard */; };
/* End PBXBuildFile section */

/* Begin PBXFileReference section */
		AB66906E297B9CA40011F768 /* AddDataProtocols.swift */ = {isa = PBXFileReference; lastKnownFileType = sourcecode.swift; path = AddDataProtocols.swift; sourceTree = "<group>"; };
		AB669070297B9CAF0011F768 /* AddDataView.swift */ = {isa = PBXFileReference; lastKnownFileType = sourcecode.swift; path = AddDataView.swift; sourceTree = "<group>"; };
		AB669072297B9CB90011F768 /* AddDataInteractor.swift */ = {isa = PBXFileReference; lastKnownFileType = sourcecode.swift; path = AddDataInteractor.swift; sourceTree = "<group>"; };
		AB669074297B9CC00011F768 /* AddDataPresenter.swift */ = {isa = PBXFileReference; lastKnownFileType = sourcecode.swift; path = AddDataPresenter.swift; sourceTree = "<group>"; };
		AB669076297B9CC70011F768 /* AddDataRouter.swift */ = {isa = PBXFileReference; lastKnownFileType = sourcecode.swift; path = AddDataRouter.swift; sourceTree = "<group>"; };
		ABA31421297ADA0C009DD682 /* DataListView.swift */ = {isa = PBXFileReference; lastKnownFileType = sourcecode.swift; path = DataListView.swift; sourceTree = "<group>"; };
		ABA31423297ADA1A009DD682 /* DataListProtocols.swift */ = {isa = PBXFileReference; lastKnownFileType = sourcecode.swift; path = DataListProtocols.swift; sourceTree = "<group>"; };
		ABA31425297ADA23009DD682 /* DataListRouter.swift */ = {isa = PBXFileReference; lastKnownFileType = sourcecode.swift; path = DataListRouter.swift; sourceTree = "<group>"; };
		ABA31427297ADA2B009DD682 /* DataListInteractor.swift */ = {isa = PBXFileReference; lastKnownFileType = sourcecode.swift; path = DataListInteractor.swift; sourceTree = "<group>"; };
		ABA31429297ADA35009DD682 /* DataListPresenter.swift */ = {isa = PBXFileReference; lastKnownFileType = sourcecode.swift; path = DataListPresenter.swift; sourceTree = "<group>"; };
		ABA3142C297ADA89009DD682 /* DependencyContainer.swift */ = {isa = PBXFileReference; lastKnownFileType = sourcecode.swift; path = DependencyContainer.swift; sourceTree = "<group>"; };
		ABA3142E297ADAD4009DD682 /* DependencyKey.swift */ = {isa = PBXFileReference; lastKnownFileType = sourcecode.swift; path = DependencyKey.swift; sourceTree = "<group>"; };
		ABA31430297ADADC009DD682 /* Dependency.swift */ = {isa = PBXFileReference; lastKnownFileType = sourcecode.swift; path = Dependency.swift; sourceTree = "<group>"; };
		ABA31432297AF7D4009DD682 /* UIApplication+Extension.swift */ = {isa = PBXFileReference; lastKnownFileType = sourcecode.swift; path = "UIApplication+Extension.swift"; sourceTree = "<group>"; };
		ABA31435297B0090009DD682 /* ReaderProtocols.swift */ = {isa = PBXFileReference; lastKnownFileType = sourcecode.swift; path = ReaderProtocols.swift; sourceTree = "<group>"; };
		ABA31437297B009C009DD682 /* ReaderView.swift */ = {isa = PBXFileReference; lastKnownFileType = sourcecode.swift; path = ReaderView.swift; sourceTree = "<group>"; };
		ABA31439297B00AA009DD682 /* ReaderInteractor.swift */ = {isa = PBXFileReference; lastKnownFileType = sourcecode.swift; path = ReaderInteractor.swift; sourceTree = "<group>"; };
		ABA3143B297B00B6009DD682 /* ReaderPresenter.swift */ = {isa = PBXFileReference; lastKnownFileType = sourcecode.swift; path = ReaderPresenter.swift; sourceTree = "<group>"; };
		ABA3143D297B00BE009DD682 /* ReaderRouter.swift */ = {isa = PBXFileReference; lastKnownFileType = sourcecode.swift; path = ReaderRouter.swift; sourceTree = "<group>"; };
		B84E2BD329517453000230DD /* UIView+Extension.swift */ = {isa = PBXFileReference; lastKnownFileType = sourcecode.swift; path = "UIView+Extension.swift"; sourceTree = "<group>"; };
		B84E2BD5295175D7000230DD /* UIStackView+Extension.swift */ = {isa = PBXFileReference; lastKnownFileType = sourcecode.swift; path = "UIStackView+Extension.swift"; sourceTree = "<group>"; };
		B84E2BD829517798000230DD /* Machine.xcdatamodel */ = {isa = PBXFileReference; lastKnownFileType = wrapper.xcdatamodel; path = Machine.xcdatamodel; sourceTree = "<group>"; };
		B84E2BDA295178F4000230DD /* CoreDataStack.swift */ = {isa = PBXFileReference; lastKnownFileType = sourcecode.swift; path = CoreDataStack.swift; sourceTree = "<group>"; };
		B84E2BDC29517B02000230DD /* CoreDataManager.swift */ = {isa = PBXFileReference; lastKnownFileType = sourcecode.swift; path = CoreDataManager.swift; sourceTree = "<group>"; };
		B84E2BDF29517C5D000230DD /* MainTabVC.swift */ = {isa = PBXFileReference; lastKnownFileType = sourcecode.swift; path = MainTabVC.swift; sourceTree = "<group>"; };
		B84E2BE429517C98000230DD /* DataListVC.swift */ = {isa = PBXFileReference; lastKnownFileType = sourcecode.swift; path = DataListVC.swift; sourceTree = "<group>"; };
		B84E2BE629517CA4000230DD /* ReaderVC.swift */ = {isa = PBXFileReference; lastKnownFileType = sourcecode.swift; path = ReaderVC.swift; sourceTree = "<group>"; };
		B84E2BEC29517D1E000230DD /* DataDetailVC.swift */ = {isa = PBXFileReference; lastKnownFileType = sourcecode.swift; path = DataDetailVC.swift; sourceTree = "<group>"; };
		B84E2BF42951801F000230DD /* DataListVM.swift */ = {isa = PBXFileReference; lastKnownFileType = sourcecode.swift; path = DataListVM.swift; sourceTree = "<group>"; };
		B84E2BF629518206000230DD /* BaseVC.swift */ = {isa = PBXFileReference; lastKnownFileType = sourcecode.swift; path = BaseVC.swift; sourceTree = "<group>"; };
		B84E2BF92951827F000230DD /* BaseVM.swift */ = {isa = PBXFileReference; lastKnownFileType = sourcecode.swift; path = BaseVM.swift; sourceTree = "<group>"; };
		B84E2BFB29518728000230DD /* ReaderVM.swift */ = {isa = PBXFileReference; lastKnownFileType = sourcecode.swift; path = ReaderVM.swift; sourceTree = "<group>"; };
		B84E2BFE295195AA000230DD /* MachineModel.swift */ = {isa = PBXFileReference; lastKnownFileType = sourcecode.swift; path = MachineModel.swift; sourceTree = "<group>"; };
		B84E2C0029519AAA000230DD /* DataArrayTransformer.swift */ = {isa = PBXFileReference; lastKnownFileType = sourcecode.swift; path = DataArrayTransformer.swift; sourceTree = "<group>"; };
		B84E2C022951A0B9000230DD /* MachineEntity+CoreDataClass.swift */ = {isa = PBXFileReference; lastKnownFileType = sourcecode.swift; path = "MachineEntity+CoreDataClass.swift"; sourceTree = "<group>"; };
		B84E2C032951A0B9000230DD /* MachineEntity+CoreDataProperties.swift */ = {isa = PBXFileReference; lastKnownFileType = sourcecode.swift; path = "MachineEntity+CoreDataProperties.swift"; sourceTree = "<group>"; };
		B84E2C062951A69E000230DD /* Array+Extension.swift */ = {isa = PBXFileReference; lastKnownFileType = sourcecode.swift; path = "Array+Extension.swift"; sourceTree = "<group>"; };
		B84E2C0A2951DF19000230DD /* AddDataVC.swift */ = {isa = PBXFileReference; lastKnownFileType = sourcecode.swift; path = AddDataVC.swift; sourceTree = "<group>"; };
		B84E2C0C2951DF2A000230DD /* AddDataVM.swift */ = {isa = PBXFileReference; lastKnownFileType = sourcecode.swift; path = AddDataVM.swift; sourceTree = "<group>"; };
		B84E2C0E2951E4A8000230DD /* DataListCell.swift */ = {isa = PBXFileReference; lastKnownFileType = sourcecode.swift; path = DataListCell.swift; sourceTree = "<group>"; };
		B84E2C102951EF52000230DD /* FormInputView.swift */ = {isa = PBXFileReference; lastKnownFileType = sourcecode.swift; path = FormInputView.swift; sourceTree = "<group>"; };
		B84E2C132951F1CF000230DD /* ViewControllerPreviewProvider.swift */ = {isa = PBXFileReference; lastKnownFileType = sourcecode.swift; path = ViewControllerPreviewProvider.swift; sourceTree = "<group>"; };
		B84E2C172951FDB5000230DD /* UITextField+Extension.swift */ = {isa = PBXFileReference; lastKnownFileType = sourcecode.swift; path = "UITextField+Extension.swift"; sourceTree = "<group>"; };
		B84F32CC29528C8A00460B16 /* UIControlPublisher.swift */ = {isa = PBXFileReference; lastKnownFileType = sourcecode.swift; path = UIControlPublisher.swift; sourceTree = "<group>"; };
		B84F32CE29528C9C00460B16 /* UIControlSubscription.swift */ = {isa = PBXFileReference; lastKnownFileType = sourcecode.swift; path = UIControlSubscription.swift; sourceTree = "<group>"; };
		B84F32D029528D1E00460B16 /* UIControl+Extension.swift */ = {isa = PBXFileReference; lastKnownFileType = sourcecode.swift; path = "UIControl+Extension.swift"; sourceTree = "<group>"; };
		B84F32D22952902400460B16 /* Date+Extension.swift */ = {isa = PBXFileReference; lastKnownFileType = sourcecode.swift; path = "Date+Extension.swift"; sourceTree = "<group>"; };
		B84F32D42952C59700460B16 /* ImageCell.swift */ = {isa = PBXFileReference; lastKnownFileType = sourcecode.swift; path = ImageCell.swift; sourceTree = "<group>"; };
		B84F32D62952DE1E00460B16 /* PHAsset+Extension.swift */ = {isa = PBXFileReference; lastKnownFileType = sourcecode.swift; path = "PHAsset+Extension.swift"; sourceTree = "<group>"; };
		B853000429549D91003B2295 /* ImageModel.swift */ = {isa = PBXFileReference; lastKnownFileType = sourcecode.swift; path = ImageModel.swift; sourceTree = "<group>"; };
		B85300062954A510003B2295 /* URL+Extension.swift */ = {isa = PBXFileReference; lastKnownFileType = sourcecode.swift; path = "URL+Extension.swift"; sourceTree = "<group>"; };
		B88C186B2953664A002871A1 /* DataTableViewDiffableDataSource.swift */ = {isa = PBXFileReference; lastKnownFileType = sourcecode.swift; path = DataTableViewDiffableDataSource.swift; sourceTree = "<group>"; };
		B8D245FB2954181800E67AC6 /* DataDetailVM.swift */ = {isa = PBXFileReference; lastKnownFileType = sourcecode.swift; path = DataDetailVM.swift; sourceTree = "<group>"; };
		B8D245FD2954408800E67AC6 /* ImagePreviewVC.swift */ = {isa = PBXFileReference; lastKnownFileType = sourcecode.swift; path = ImagePreviewVC.swift; sourceTree = "<group>"; };
		B8D246002954415600E67AC6 /* ImagePreviewVM.swift */ = {isa = PBXFileReference; lastKnownFileType = sourcecode.swift; path = ImagePreviewVM.swift; sourceTree = "<group>"; };
		B8D2460229544D1900E67AC6 /* Data+Extension.swift */ = {isa = PBXFileReference; lastKnownFileType = sourcecode.swift; path = "Data+Extension.swift"; sourceTree = "<group>"; };
		B8E1E32F2950A78900EE6BD1 /* ImageMachine.app */ = {isa = PBXFileReference; explicitFileType = wrapper.application; includeInIndex = 0; path = ImageMachine.app; sourceTree = BUILT_PRODUCTS_DIR; };
		B8E1E3322950A78900EE6BD1 /* AppDelegate.swift */ = {isa = PBXFileReference; lastKnownFileType = sourcecode.swift; path = AppDelegate.swift; sourceTree = "<group>"; };
		B8E1E3342950A78900EE6BD1 /* SceneDelegate.swift */ = {isa = PBXFileReference; lastKnownFileType = sourcecode.swift; path = SceneDelegate.swift; sourceTree = "<group>"; };
		B8E1E33B2950A78A00EE6BD1 /* Assets.xcassets */ = {isa = PBXFileReference; lastKnownFileType = folder.assetcatalog; path = Assets.xcassets; sourceTree = "<group>"; };
		B8E1E33E2950A78A00EE6BD1 /* Base */ = {isa = PBXFileReference; lastKnownFileType = file.storyboard; name = Base; path = Base.lproj/LaunchScreen.storyboard; sourceTree = "<group>"; };
		B8E1E3402950A78A00EE6BD1 /* Info.plist */ = {isa = PBXFileReference; lastKnownFileType = text.plist.xml; path = Info.plist; sourceTree = "<group>"; };
/* End PBXFileReference section */

/* Begin PBXFrameworksBuildPhase section */
		B8E1E32C2950A78900EE6BD1 /* Frameworks */ = {
			isa = PBXFrameworksBuildPhase;
			buildActionMask = 2147483647;
			files = (
			);
			runOnlyForDeploymentPostprocessing = 0;
		};
/* End PBXFrameworksBuildPhase section */

/* Begin PBXGroup section */
		ABA3141F297AD9DD009DD682 /* Modules */ = {
			isa = PBXGroup;
			children = (
				ABA31441297B13A3009DD682 /* Image Preview */,
				ABA31434297B0078009DD682 /* Reader */,
				ABA31420297AD9F9009DD682 /* Data List */,
				ABA3143F297B1391009DD682 /* Add Data */,
				ABA31440297B139C009DD682 /* Data Detail */,
			);
			path = Modules;
			sourceTree = "<group>";
		};
		ABA31420297AD9F9009DD682 /* Data List */ = {
			isa = PBXGroup;
			children = (
				ABA31423297ADA1A009DD682 /* DataListProtocols.swift */,
				ABA31421297ADA0C009DD682 /* DataListView.swift */,
				ABA31427297ADA2B009DD682 /* DataListInteractor.swift */,
				ABA31429297ADA35009DD682 /* DataListPresenter.swift */,
				ABA31425297ADA23009DD682 /* DataListRouter.swift */,
			);
			path = "Data List";
			sourceTree = "<group>";
		};
		ABA3142B297ADA61009DD682 /* Depedency Injection */ = {
			isa = PBXGroup;
			children = (
				ABA3142C297ADA89009DD682 /* DependencyContainer.swift */,
				ABA3142E297ADAD4009DD682 /* DependencyKey.swift */,
				ABA31430297ADADC009DD682 /* Dependency.swift */,
			);
			path = "Depedency Injection";
			sourceTree = "<group>";
		};
		ABA31434297B0078009DD682 /* Reader */ = {
			isa = PBXGroup;
			children = (
				ABA31435297B0090009DD682 /* ReaderProtocols.swift */,
				ABA31437297B009C009DD682 /* ReaderView.swift */,
				ABA31439297B00AA009DD682 /* ReaderInteractor.swift */,
				ABA3143B297B00B6009DD682 /* ReaderPresenter.swift */,
				ABA3143D297B00BE009DD682 /* ReaderRouter.swift */,
			);
			path = Reader;
			sourceTree = "<group>";
		};
		ABA3143F297B1391009DD682 /* Add Data */ = {
			isa = PBXGroup;
			children = (
				AB66906E297B9CA40011F768 /* AddDataProtocols.swift */,
				AB669070297B9CAF0011F768 /* AddDataView.swift */,
				AB669072297B9CB90011F768 /* AddDataInteractor.swift */,
				AB669074297B9CC00011F768 /* AddDataPresenter.swift */,
				AB669076297B9CC70011F768 /* AddDataRouter.swift */,
			);
			path = "Add Data";
			sourceTree = "<group>";
		};
		ABA31440297B139C009DD682 /* Data Detail */ = {
			isa = PBXGroup;
			children = (
			);
			path = "Data Detail";
			sourceTree = "<group>";
		};
		ABA31441297B13A3009DD682 /* Image Preview */ = {
			isa = PBXGroup;
			children = (
			);
			path = "Image Preview";
			sourceTree = "<group>";
		};
		B825FAE42951721E009D4E4A /* Life Cycle */ = {
			isa = PBXGroup;
			children = (
				B8E1E3342950A78900EE6BD1 /* SceneDelegate.swift */,
				B8E1E3322950A78900EE6BD1 /* AppDelegate.swift */,
			);
			path = "Life Cycle";
			sourceTree = "<group>";
		};
		B84E2BCD2951728A000230DD /* Scenes */ = {
			isa = PBXGroup;
			children = (
				B8D245FF2954408C00E67AC6 /* Image Preview */,
				B84E2BDE29517C08000230DD /* Main Tab */,
				B84E2BE329517C83000230DD /* Reader */,
				B84E2BE229517C79000230DD /* Data */,
				B84E2C092951DF00000230DD /* Add Data */,
				B84E2BE829517CB3000230DD /* Data Detail */,
			);
			path = Scenes;
			sourceTree = "<group>";
		};
		B84E2BCE2951729B000230DD /* Models */ = {
			isa = PBXGroup;
			children = (
				B84E2C082951B90C000230DD /* Core Data Entities */,
				B84E2BFE295195AA000230DD /* MachineModel.swift */,
				B853000429549D91003B2295 /* ImageModel.swift */,
			);
			path = Models;
			sourceTree = "<group>";
		};
		B84E2BCF295172B4000230DD /* Persistence */ = {
			isa = PBXGroup;
			children = (
				B84E2BD729517798000230DD /* Machine.xcdatamodeld */,
				B84E2BDA295178F4000230DD /* CoreDataStack.swift */,
				B84E2BDC29517B02000230DD /* CoreDataManager.swift */,
				B84E2C0029519AAA000230DD /* DataArrayTransformer.swift */,
			);
			path = Persistence;
			sourceTree = "<group>";
		};
		B84E2BD0295172C2000230DD /* Utilities */ = {
			isa = PBXGroup;
			children = (
				ABA3142B297ADA61009DD682 /* Depedency Injection */,
				B84E2C122951F0D2000230DD /* Preview Provider */,
				B84E2BF82951826E000230DD /* Base */,
				B84F32CB29528C7700460B16 /* Combine */,
				B84E2BD1295172D2000230DD /* Extensions */,
				B84E2BFD29519404000230DD /* Reusable Views */,
			);
			path = Utilities;
			sourceTree = "<group>";
		};
		B84E2BD1295172D2000230DD /* Extensions */ = {
			isa = PBXGroup;
			children = (
				ABA31432297AF7D4009DD682 /* UIApplication+Extension.swift */,
				B84E2BD329517453000230DD /* UIView+Extension.swift */,
				B84E2BD5295175D7000230DD /* UIStackView+Extension.swift */,
				B84E2C172951FDB5000230DD /* UITextField+Extension.swift */,
				B84F32D029528D1E00460B16 /* UIControl+Extension.swift */,
				B8D2460229544D1900E67AC6 /* Data+Extension.swift */,
				B84F32D62952DE1E00460B16 /* PHAsset+Extension.swift */,
				B84E2C062951A69E000230DD /* Array+Extension.swift */,
				B84F32D22952902400460B16 /* Date+Extension.swift */,
				B85300062954A510003B2295 /* URL+Extension.swift */,
			);
			path = Extensions;
			sourceTree = "<group>";
		};
		B84E2BDE29517C08000230DD /* Main Tab */ = {
			isa = PBXGroup;
			children = (
				B84E2BDF29517C5D000230DD /* MainTabVC.swift */,
			);
			path = "Main Tab";
			sourceTree = "<group>";
		};
		B84E2BE229517C79000230DD /* Data */ = {
			isa = PBXGroup;
			children = (
				B84E2BE429517C98000230DD /* DataListVC.swift */,
				B84E2BF42951801F000230DD /* DataListVM.swift */,
			);
			path = Data;
			sourceTree = "<group>";
		};
		B84E2BE329517C83000230DD /* Reader */ = {
			isa = PBXGroup;
			children = (
				B84E2BE629517CA4000230DD /* ReaderVC.swift */,
				B84E2BFB29518728000230DD /* ReaderVM.swift */,
			);
			path = Reader;
			sourceTree = "<group>";
		};
		B84E2BE829517CB3000230DD /* Data Detail */ = {
			isa = PBXGroup;
			children = (
				B84E2BEC29517D1E000230DD /* DataDetailVC.swift */,
				B8D245FB2954181800E67AC6 /* DataDetailVM.swift */,
			);
			path = "Data Detail";
			sourceTree = "<group>";
		};
		B84E2BF82951826E000230DD /* Base */ = {
			isa = PBXGroup;
			children = (
				B84E2BF629518206000230DD /* BaseVC.swift */,
				B84E2BF92951827F000230DD /* BaseVM.swift */,
				B88C186B2953664A002871A1 /* DataTableViewDiffableDataSource.swift */,
			);
			path = Base;
			sourceTree = "<group>";
		};
		B84E2BFD29519404000230DD /* Reusable Views */ = {
			isa = PBXGroup;
			children = (
				B84E2C0E2951E4A8000230DD /* DataListCell.swift */,
				B84F32D42952C59700460B16 /* ImageCell.swift */,
				B84E2C102951EF52000230DD /* FormInputView.swift */,
			);
			path = "Reusable Views";
			sourceTree = "<group>";
		};
		B84E2C082951B90C000230DD /* Core Data Entities */ = {
			isa = PBXGroup;
			children = (
				B84E2C022951A0B9000230DD /* MachineEntity+CoreDataClass.swift */,
				B84E2C032951A0B9000230DD /* MachineEntity+CoreDataProperties.swift */,
			);
			path = "Core Data Entities";
			sourceTree = "<group>";
		};
		B84E2C092951DF00000230DD /* Add Data */ = {
			isa = PBXGroup;
			children = (
				B84E2C0A2951DF19000230DD /* AddDataVC.swift */,
				B84E2C0C2951DF2A000230DD /* AddDataVM.swift */,
			);
			path = "Add Data";
			sourceTree = "<group>";
		};
		B84E2C122951F0D2000230DD /* Preview Provider */ = {
			isa = PBXGroup;
			children = (
				B84E2C132951F1CF000230DD /* ViewControllerPreviewProvider.swift */,
			);
			path = "Preview Provider";
			sourceTree = "<group>";
		};
		B84F32CB29528C7700460B16 /* Combine */ = {
			isa = PBXGroup;
			children = (
				B84F32CC29528C8A00460B16 /* UIControlPublisher.swift */,
				B84F32CE29528C9C00460B16 /* UIControlSubscription.swift */,
			);
			path = Combine;
			sourceTree = "<group>";
		};
		B8D245FF2954408C00E67AC6 /* Image Preview */ = {
			isa = PBXGroup;
			children = (
				B8D245FD2954408800E67AC6 /* ImagePreviewVC.swift */,
				B8D246002954415600E67AC6 /* ImagePreviewVM.swift */,
			);
			path = "Image Preview";
			sourceTree = "<group>";
		};
		B8E1E3262950A78900EE6BD1 = {
			isa = PBXGroup;
			children = (
				B8E1E3312950A78900EE6BD1 /* ImageMachine */,
				B8E1E3302950A78900EE6BD1 /* Products */,
			);
			sourceTree = "<group>";
		};
		B8E1E3302950A78900EE6BD1 /* Products */ = {
			isa = PBXGroup;
			children = (
				B8E1E32F2950A78900EE6BD1 /* ImageMachine.app */,
			);
			name = Products;
			sourceTree = "<group>";
		};
		B8E1E3312950A78900EE6BD1 /* ImageMachine */ = {
			isa = PBXGroup;
			children = (
				B8E1E33B2950A78A00EE6BD1 /* Assets.xcassets */,
				B8E1E33D2950A78A00EE6BD1 /* LaunchScreen.storyboard */,
				B8E1E3402950A78A00EE6BD1 /* Info.plist */,
				B84E2BD0295172C2000230DD /* Utilities */,
				B84E2BCF295172B4000230DD /* Persistence */,
				B84E2BCE2951729B000230DD /* Models */,
				B825FAE42951721E009D4E4A /* Life Cycle */,
				B84E2BCD2951728A000230DD /* Scenes */,
				ABA3141F297AD9DD009DD682 /* Modules */,
			);
			path = ImageMachine;
			sourceTree = "<group>";
		};
/* End PBXGroup section */

/* Begin PBXNativeTarget section */
		B8E1E32E2950A78900EE6BD1 /* ImageMachine */ = {
			isa = PBXNativeTarget;
			buildConfigurationList = B8E1E3432950A78A00EE6BD1 /* Build configuration list for PBXNativeTarget "ImageMachine" */;
			buildPhases = (
				B8E1E32B2950A78900EE6BD1 /* Sources */,
				B8E1E32C2950A78900EE6BD1 /* Frameworks */,
				B8E1E32D2950A78900EE6BD1 /* Resources */,
			);
			buildRules = (
			);
			dependencies = (
			);
			name = ImageMachine;
			productName = ImageMachine;
			productReference = B8E1E32F2950A78900EE6BD1 /* ImageMachine.app */;
			productType = "com.apple.product-type.application";
		};
/* End PBXNativeTarget section */

/* Begin PBXProject section */
		B8E1E3272950A78900EE6BD1 /* Project object */ = {
			isa = PBXProject;
			attributes = {
				BuildIndependentTargetsInParallel = 1;
				LastSwiftUpdateCheck = 1410;
				LastUpgradeCheck = 1410;
				TargetAttributes = {
					B8E1E32E2950A78900EE6BD1 = {
						CreatedOnToolsVersion = 14.1;
					};
				};
			};
			buildConfigurationList = B8E1E32A2950A78900EE6BD1 /* Build configuration list for PBXProject "ImageMachine" */;
			compatibilityVersion = "Xcode 14.0";
			developmentRegion = en;
			hasScannedForEncodings = 0;
			knownRegions = (
				en,
				Base,
			);
			mainGroup = B8E1E3262950A78900EE6BD1;
			productRefGroup = B8E1E3302950A78900EE6BD1 /* Products */;
			projectDirPath = "";
			projectRoot = "";
			targets = (
				B8E1E32E2950A78900EE6BD1 /* ImageMachine */,
			);
		};
/* End PBXProject section */

/* Begin PBXResourcesBuildPhase section */
		B8E1E32D2950A78900EE6BD1 /* Resources */ = {
			isa = PBXResourcesBuildPhase;
			buildActionMask = 2147483647;
			files = (
				B8E1E33F2950A78A00EE6BD1 /* LaunchScreen.storyboard in Resources */,
				B8E1E33C2950A78A00EE6BD1 /* Assets.xcassets in Resources */,
			);
			runOnlyForDeploymentPostprocessing = 0;
		};
/* End PBXResourcesBuildPhase section */

/* Begin PBXSourcesBuildPhase section */
		B8E1E32B2950A78900EE6BD1 /* Sources */ = {
			isa = PBXSourcesBuildPhase;
			buildActionMask = 2147483647;
			files = (
				B84E2BDB295178F4000230DD /* CoreDataStack.swift in Sources */,
				B8D245FC2954181800E67AC6 /* DataDetailVM.swift in Sources */,
				ABA3142D297ADA89009DD682 /* DependencyContainer.swift in Sources */,
				ABA31431297ADADC009DD682 /* Dependency.swift in Sources */,
				AB669077297B9CC70011F768 /* AddDataRouter.swift in Sources */,
				B84E2BD929517798000230DD /* Machine.xcdatamodeld in Sources */,
				B84E2BED29517D1E000230DD /* DataDetailVC.swift in Sources */,
				B84E2BFF295195AA000230DD /* MachineModel.swift in Sources */,
				B8E1E3332950A78900EE6BD1 /* AppDelegate.swift in Sources */,
				B84F32D32952902400460B16 /* Date+Extension.swift in Sources */,
				B84E2C0B2951DF19000230DD /* AddDataVC.swift in Sources */,
				B85300072954A510003B2295 /* URL+Extension.swift in Sources */,
				B84F32D129528D1E00460B16 /* UIControl+Extension.swift in Sources */,
				B84E2BE729517CA4000230DD /* ReaderVC.swift in Sources */,
				B84E2C142951F1CF000230DD /* ViewControllerPreviewProvider.swift in Sources */,
				B84E2BD429517453000230DD /* UIView+Extension.swift in Sources */,
				B84E2C0F2951E4A8000230DD /* DataListCell.swift in Sources */,
				ABA31422297ADA0C009DD682 /* DataListView.swift in Sources */,
				B84E2BF52951801F000230DD /* DataListVM.swift in Sources */,
				B84E2BE529517C98000230DD /* DataListVC.swift in Sources */,
				B84E2C0129519AAA000230DD /* DataArrayTransformer.swift in Sources */,
				AB669071297B9CAF0011F768 /* AddDataView.swift in Sources */,
				B84F32D52952C59700460B16 /* ImageCell.swift in Sources */,
				B84E2BF729518206000230DD /* BaseVC.swift in Sources */,
				B84F32CF29528C9C00460B16 /* UIControlSubscription.swift in Sources */,
				B84F32D72952DE1E00460B16 /* PHAsset+Extension.swift in Sources */,
				AB669075297B9CC00011F768 /* AddDataPresenter.swift in Sources */,
				B84E2C0D2951DF2A000230DD /* AddDataVM.swift in Sources */,
				B8D245FE2954408800E67AC6 /* ImagePreviewVC.swift in Sources */,
				B84E2C072951A69E000230DD /* Array+Extension.swift in Sources */,
				B84E2BD6295175D7000230DD /* UIStackView+Extension.swift in Sources */,
				B84F32CD29528C8A00460B16 /* UIControlPublisher.swift in Sources */,
				ABA31424297ADA1A009DD682 /* DataListProtocols.swift in Sources */,
				ABA3142A297ADA35009DD682 /* DataListPresenter.swift in Sources */,
				ABA31428297ADA2B009DD682 /* DataListInteractor.swift in Sources */,
				B84E2C042951A0B9000230DD /* MachineEntity+CoreDataClass.swift in Sources */,
				B84E2C112951EF52000230DD /* FormInputView.swift in Sources */,
				ABA31433297AF7D4009DD682 /* UIApplication+Extension.swift in Sources */,
				ABA3142F297ADAD4009DD682 /* DependencyKey.swift in Sources */,
				B84E2BDD29517B02000230DD /* CoreDataManager.swift in Sources */,
				ABA3143E297B00BE009DD682 /* ReaderRouter.swift in Sources */,
				B8E1E3352950A78900EE6BD1 /* SceneDelegate.swift in Sources */,
				AB669073297B9CB90011F768 /* AddDataInteractor.swift in Sources */,
				AB66906F297B9CA40011F768 /* AddDataProtocols.swift in Sources */,
				B84E2BE029517C5D000230DD /* MainTabVC.swift in Sources */,
				ABA3143C297B00B6009DD682 /* ReaderPresenter.swift in Sources */,
				ABA31436297B0090009DD682 /* ReaderProtocols.swift in Sources */,
				B84E2BFC29518728000230DD /* ReaderVM.swift in Sources */,
				ABA31438297B009C009DD682 /* ReaderView.swift in Sources */,
				ABA31426297ADA23009DD682 /* DataListRouter.swift in Sources */,
				B8D2460329544D1900E67AC6 /* Data+Extension.swift in Sources */,
				B8D246012954415600E67AC6 /* ImagePreviewVM.swift in Sources */,
				B84E2C182951FDB5000230DD /* UITextField+Extension.swift in Sources */,
				ABA3143A297B00AA009DD682 /* ReaderInteractor.swift in Sources */,
				B88C186C2953664A002871A1 /* DataTableViewDiffableDataSource.swift in Sources */,
				B84E2BFA2951827F000230DD /* BaseVM.swift in Sources */,
				B853000529549D91003B2295 /* ImageModel.swift in Sources */,
				B84E2C052951A0B9000230DD /* MachineEntity+CoreDataProperties.swift in Sources */,
			);
			runOnlyForDeploymentPostprocessing = 0;
		};
/* End PBXSourcesBuildPhase section */

/* Begin PBXVariantGroup section */
		B8E1E33D2950A78A00EE6BD1 /* LaunchScreen.storyboard */ = {
			isa = PBXVariantGroup;
			children = (
				B8E1E33E2950A78A00EE6BD1 /* Base */,
			);
			name = LaunchScreen.storyboard;
			sourceTree = "<group>";
		};
/* End PBXVariantGroup section */

/* Begin XCBuildConfiguration section */
		B8E1E3412950A78A00EE6BD1 /* Debug */ = {
			isa = XCBuildConfiguration;
			buildSettings = {
				ALWAYS_SEARCH_USER_PATHS = NO;
				CLANG_ANALYZER_NONNULL = YES;
				CLANG_ANALYZER_NUMBER_OBJECT_CONVERSION = YES_AGGRESSIVE;
				CLANG_CXX_LANGUAGE_STANDARD = "gnu++20";
				CLANG_ENABLE_MODULES = YES;
				CLANG_ENABLE_OBJC_ARC = YES;
				CLANG_ENABLE_OBJC_WEAK = YES;
				CLANG_WARN_BLOCK_CAPTURE_AUTORELEASING = YES;
				CLANG_WARN_BOOL_CONVERSION = YES;
				CLANG_WARN_COMMA = YES;
				CLANG_WARN_CONSTANT_CONVERSION = YES;
				CLANG_WARN_DEPRECATED_OBJC_IMPLEMENTATIONS = YES;
				CLANG_WARN_DIRECT_OBJC_ISA_USAGE = YES_ERROR;
				CLANG_WARN_DOCUMENTATION_COMMENTS = YES;
				CLANG_WARN_EMPTY_BODY = YES;
				CLANG_WARN_ENUM_CONVERSION = YES;
				CLANG_WARN_INFINITE_RECURSION = YES;
				CLANG_WARN_INT_CONVERSION = YES;
				CLANG_WARN_NON_LITERAL_NULL_CONVERSION = YES;
				CLANG_WARN_OBJC_IMPLICIT_RETAIN_SELF = YES;
				CLANG_WARN_OBJC_LITERAL_CONVERSION = YES;
				CLANG_WARN_OBJC_ROOT_CLASS = YES_ERROR;
				CLANG_WARN_QUOTED_INCLUDE_IN_FRAMEWORK_HEADER = YES;
				CLANG_WARN_RANGE_LOOP_ANALYSIS = YES;
				CLANG_WARN_STRICT_PROTOTYPES = YES;
				CLANG_WARN_SUSPICIOUS_MOVE = YES;
				CLANG_WARN_UNGUARDED_AVAILABILITY = YES_AGGRESSIVE;
				CLANG_WARN_UNREACHABLE_CODE = YES;
				CLANG_WARN__DUPLICATE_METHOD_MATCH = YES;
				COPY_PHASE_STRIP = NO;
				DEBUG_INFORMATION_FORMAT = dwarf;
				ENABLE_STRICT_OBJC_MSGSEND = YES;
				ENABLE_TESTABILITY = YES;
				GCC_C_LANGUAGE_STANDARD = gnu11;
				GCC_DYNAMIC_NO_PIC = NO;
				GCC_NO_COMMON_BLOCKS = YES;
				GCC_OPTIMIZATION_LEVEL = 0;
				GCC_PREPROCESSOR_DEFINITIONS = (
					"DEBUG=1",
					"$(inherited)",
				);
				GCC_WARN_64_TO_32_BIT_CONVERSION = YES;
				GCC_WARN_ABOUT_RETURN_TYPE = YES_ERROR;
				GCC_WARN_UNDECLARED_SELECTOR = YES;
				GCC_WARN_UNINITIALIZED_AUTOS = YES_AGGRESSIVE;
				GCC_WARN_UNUSED_FUNCTION = YES;
				GCC_WARN_UNUSED_VARIABLE = YES;
				IPHONEOS_DEPLOYMENT_TARGET = 16.1;
				MTL_ENABLE_DEBUG_INFO = INCLUDE_SOURCE;
				MTL_FAST_MATH = YES;
				ONLY_ACTIVE_ARCH = YES;
				SDKROOT = iphoneos;
				SWIFT_ACTIVE_COMPILATION_CONDITIONS = DEBUG;
				SWIFT_OPTIMIZATION_LEVEL = "-Onone";
			};
			name = Debug;
		};
		B8E1E3422950A78A00EE6BD1 /* Release */ = {
			isa = XCBuildConfiguration;
			buildSettings = {
				ALWAYS_SEARCH_USER_PATHS = NO;
				CLANG_ANALYZER_NONNULL = YES;
				CLANG_ANALYZER_NUMBER_OBJECT_CONVERSION = YES_AGGRESSIVE;
				CLANG_CXX_LANGUAGE_STANDARD = "gnu++20";
				CLANG_ENABLE_MODULES = YES;
				CLANG_ENABLE_OBJC_ARC = YES;
				CLANG_ENABLE_OBJC_WEAK = YES;
				CLANG_WARN_BLOCK_CAPTURE_AUTORELEASING = YES;
				CLANG_WARN_BOOL_CONVERSION = YES;
				CLANG_WARN_COMMA = YES;
				CLANG_WARN_CONSTANT_CONVERSION = YES;
				CLANG_WARN_DEPRECATED_OBJC_IMPLEMENTATIONS = YES;
				CLANG_WARN_DIRECT_OBJC_ISA_USAGE = YES_ERROR;
				CLANG_WARN_DOCUMENTATION_COMMENTS = YES;
				CLANG_WARN_EMPTY_BODY = YES;
				CLANG_WARN_ENUM_CONVERSION = YES;
				CLANG_WARN_INFINITE_RECURSION = YES;
				CLANG_WARN_INT_CONVERSION = YES;
				CLANG_WARN_NON_LITERAL_NULL_CONVERSION = YES;
				CLANG_WARN_OBJC_IMPLICIT_RETAIN_SELF = YES;
				CLANG_WARN_OBJC_LITERAL_CONVERSION = YES;
				CLANG_WARN_OBJC_ROOT_CLASS = YES_ERROR;
				CLANG_WARN_QUOTED_INCLUDE_IN_FRAMEWORK_HEADER = YES;
				CLANG_WARN_RANGE_LOOP_ANALYSIS = YES;
				CLANG_WARN_STRICT_PROTOTYPES = YES;
				CLANG_WARN_SUSPICIOUS_MOVE = YES;
				CLANG_WARN_UNGUARDED_AVAILABILITY = YES_AGGRESSIVE;
				CLANG_WARN_UNREACHABLE_CODE = YES;
				CLANG_WARN__DUPLICATE_METHOD_MATCH = YES;
				COPY_PHASE_STRIP = NO;
				DEBUG_INFORMATION_FORMAT = "dwarf-with-dsym";
				ENABLE_NS_ASSERTIONS = NO;
				ENABLE_STRICT_OBJC_MSGSEND = YES;
				GCC_C_LANGUAGE_STANDARD = gnu11;
				GCC_NO_COMMON_BLOCKS = YES;
				GCC_WARN_64_TO_32_BIT_CONVERSION = YES;
				GCC_WARN_ABOUT_RETURN_TYPE = YES_ERROR;
				GCC_WARN_UNDECLARED_SELECTOR = YES;
				GCC_WARN_UNINITIALIZED_AUTOS = YES_AGGRESSIVE;
				GCC_WARN_UNUSED_FUNCTION = YES;
				GCC_WARN_UNUSED_VARIABLE = YES;
				IPHONEOS_DEPLOYMENT_TARGET = 16.1;
				MTL_ENABLE_DEBUG_INFO = NO;
				MTL_FAST_MATH = YES;
				SDKROOT = iphoneos;
				SWIFT_COMPILATION_MODE = wholemodule;
				SWIFT_OPTIMIZATION_LEVEL = "-O";
				VALIDATE_PRODUCT = YES;
			};
			name = Release;
		};
		B8E1E3442950A78A00EE6BD1 /* Debug */ = {
			isa = XCBuildConfiguration;
			buildSettings = {
				ASSETCATALOG_COMPILER_APPICON_NAME = AppIcon;
				ASSETCATALOG_COMPILER_GLOBAL_ACCENT_COLOR_NAME = AccentColor;
				CODE_SIGN_STYLE = Automatic;
				CURRENT_PROJECT_VERSION = 1;
				DEVELOPMENT_TEAM = 6J2XDDYT2W;
				GENERATE_INFOPLIST_FILE = YES;
				INFOPLIST_FILE = ImageMachine/Info.plist;
				INFOPLIST_KEY_NSCameraUsageDescription = "We need to access your camera for QR Code scanning purposes.";
				INFOPLIST_KEY_NSPhotoLibraryUsageDescription = "We need to access your photo library for you to group your photos.";
				INFOPLIST_KEY_UIApplicationSupportsIndirectInputEvents = YES;
				INFOPLIST_KEY_UILaunchStoryboardName = LaunchScreen;
				INFOPLIST_KEY_UISupportedInterfaceOrientations = UIInterfaceOrientationPortrait;
				INFOPLIST_KEY_UISupportedInterfaceOrientations_iPad = "UIInterfaceOrientationLandscapeLeft UIInterfaceOrientationLandscapeRight UIInterfaceOrientationPortrait UIInterfaceOrientationPortraitUpsideDown";
				IPHONEOS_DEPLOYMENT_TARGET = 14.0;
				LD_RUNPATH_SEARCH_PATHS = (
					"$(inherited)",
					"@executable_path/Frameworks",
				);
				MARKETING_VERSION = 1.0;
				PRODUCT_BUNDLE_IDENTIFIER = com.cleanrun.ImageMachine;
				PRODUCT_NAME = "$(TARGET_NAME)";
				SUPPORTED_PLATFORMS = "iphoneos iphonesimulator";
				SUPPORTS_MACCATALYST = NO;
				SUPPORTS_MAC_DESIGNED_FOR_IPHONE_IPAD = NO;
				SWIFT_EMIT_LOC_STRINGS = YES;
				SWIFT_VERSION = 5.0;
				TARGETED_DEVICE_FAMILY = 1;
			};
			name = Debug;
		};
		B8E1E3452950A78A00EE6BD1 /* Release */ = {
			isa = XCBuildConfiguration;
			buildSettings = {
				ASSETCATALOG_COMPILER_APPICON_NAME = AppIcon;
				ASSETCATALOG_COMPILER_GLOBAL_ACCENT_COLOR_NAME = AccentColor;
				CODE_SIGN_STYLE = Automatic;
				CURRENT_PROJECT_VERSION = 1;
				DEVELOPMENT_TEAM = 6J2XDDYT2W;
				GENERATE_INFOPLIST_FILE = YES;
				INFOPLIST_FILE = ImageMachine/Info.plist;
				INFOPLIST_KEY_NSCameraUsageDescription = "We need to access your camera for QR Code scanning purposes.";
				INFOPLIST_KEY_NSPhotoLibraryUsageDescription = "We need to access your photo library for you to group your photos.";
				INFOPLIST_KEY_UIApplicationSupportsIndirectInputEvents = YES;
				INFOPLIST_KEY_UILaunchStoryboardName = LaunchScreen;
				INFOPLIST_KEY_UISupportedInterfaceOrientations = UIInterfaceOrientationPortrait;
				INFOPLIST_KEY_UISupportedInterfaceOrientations_iPad = "UIInterfaceOrientationLandscapeLeft UIInterfaceOrientationLandscapeRight UIInterfaceOrientationPortrait UIInterfaceOrientationPortraitUpsideDown";
				IPHONEOS_DEPLOYMENT_TARGET = 14.0;
				LD_RUNPATH_SEARCH_PATHS = (
					"$(inherited)",
					"@executable_path/Frameworks",
				);
				MARKETING_VERSION = 1.0;
				PRODUCT_BUNDLE_IDENTIFIER = com.cleanrun.ImageMachine;
				PRODUCT_NAME = "$(TARGET_NAME)";
				SUPPORTED_PLATFORMS = "iphoneos iphonesimulator";
				SUPPORTS_MACCATALYST = NO;
				SUPPORTS_MAC_DESIGNED_FOR_IPHONE_IPAD = NO;
				SWIFT_EMIT_LOC_STRINGS = YES;
				SWIFT_VERSION = 5.0;
				TARGETED_DEVICE_FAMILY = 1;
			};
			name = Release;
		};
/* End XCBuildConfiguration section */

/* Begin XCConfigurationList section */
		B8E1E32A2950A78900EE6BD1 /* Build configuration list for PBXProject "ImageMachine" */ = {
			isa = XCConfigurationList;
			buildConfigurations = (
				B8E1E3412950A78A00EE6BD1 /* Debug */,
				B8E1E3422950A78A00EE6BD1 /* Release */,
			);
			defaultConfigurationIsVisible = 0;
			defaultConfigurationName = Release;
		};
		B8E1E3432950A78A00EE6BD1 /* Build configuration list for PBXNativeTarget "ImageMachine" */ = {
			isa = XCConfigurationList;
			buildConfigurations = (
				B8E1E3442950A78A00EE6BD1 /* Debug */,
				B8E1E3452950A78A00EE6BD1 /* Release */,
			);
			defaultConfigurationIsVisible = 0;
			defaultConfigurationName = Release;
		};
/* End XCConfigurationList section */

/* Begin XCVersionGroup section */
		B84E2BD729517798000230DD /* Machine.xcdatamodeld */ = {
			isa = XCVersionGroup;
			children = (
				B84E2BD829517798000230DD /* Machine.xcdatamodel */,
			);
			currentVersion = B84E2BD829517798000230DD /* Machine.xcdatamodel */;
			path = Machine.xcdatamodeld;
			sourceTree = "<group>";
			versionGroupType = wrapper.xcdatamodel;
		};
/* End XCVersionGroup section */
	};
	rootObject = B8E1E3272950A78900EE6BD1 /* Project object */;
}
